
Microsoft Visual Studio Solution File, Format Version 12.00
# Visual Studio Version 16
VisualStudioVersion = 16.0.29613.14
MinimumVisualStudioVersion = 10.0.40219.1
Project("{8BC9CEB8-8B4A-11D0-8D11-00A0C91BC942}") = "Shared Memory", "Shared Memory\Shared Memory.vcxproj", "{772583EF-E7BB-4B05-ACD0-2F1679F3A6CB}"
EndProject
Global
	GlobalSection(SolutionConfigurationPlatforms) = preSolution
		Debug|x64 = Debug|x64
		Debug|x86 = Debug|x86
		Release|x64 = Release|x64
		Release|x86 = Release|x86
	EndGlobalSection
	GlobalSection(ProjectConfigurationPlatforms) = postSolution
		{772583EF-E7BB-4B05-ACD0-2F1679F3A6CB}.Debug|x64.ActiveCfg = Debug|x64
		{772583EF-E7BB-4B05-ACD0-2F1679F3A6CB}.Debug|x64.Build.0 = Debug|x64
		{772583EF-E7BB-4B05-ACD0-2F1679F3A6CB}.Debug|x86.ActiveCfg = Debug|Win32
		{772583EF-E7BB-4B05-ACD0-2F1679F3A6CB}.Debug|x86.Build.0 = Debug|Win32
		{772583EF-E7BB-4B05-ACD0-2F1679F3A6CB}.Release|x64.ActiveCfg = Release|x64
		{772583EF-E7BB-4B05-ACD0-2F1679F3A6CB}.Release|x64.Build.0 = Release|x64
		{772583EF-E7BB-4B05-ACD0-2F1679F3A6CB}.Release|x86.ActiveCfg = Release|Win32
		{772583EF-E7BB-4B05-ACD0-2F1679F3A6CB}.Release|x86.Build.0 = Release|Win32
	EndGlobalSection
	GlobalSection(SolutionProperties) = preSolution
		HideSolutionNode = FALSE
	EndGlobalSection
	GlobalSection(ExtensibilityGlobals) = postSolution
		SolutionGuid = {AB6022FF-090E-45EF-9820-25DFB1666F08}
	EndGlobalSection
EndGlobal
